
Microsoft Visual Studio Solution File, Format Version 12.00
# Visual Studio Version 17
VisualStudioVersion = 17.9.34607.119
MinimumVisualStudioVersion = 10.0.40219.1
Project("{9A19103F-16F7-4668-BE54-9A1E7A4F7556}") = "LinqAssessment", "ASSIGNMENT\LinqAssessment.csproj", "{E88F367A-ACE2-475E-8E6B-69D79ABE0E59}"
EndProject
Global
	GlobalSection(SolutionConfigurationPlatforms) = preSolution
		Debug|Any CPU = Debug|Any CPU
		Release|Any CPU = Release|Any CPU
	EndGlobalSection
	GlobalSection(ProjectConfigurationPlatforms) = postSolution
		{E88F367A-ACE2-475E-8E6B-69D79ABE0E59}.Debug|Any CPU.ActiveCfg = Debug|Any CPU
		{E88F367A-ACE2-475E-8E6B-69D79ABE0E59}.Debug|Any CPU.Build.0 = Debug|Any CPU
		{E88F367A-ACE2-475E-8E6B-69D79ABE0E59}.Release|Any CPU.ActiveCfg = Release|Any CPU
		{E88F367A-ACE2-475E-8E6B-69D79ABE0E59}.Release|Any CPU.Build.0 = Release|Any CPU
	EndGlobalSection
	GlobalSection(SolutionProperties) = preSolution
		HideSolutionNode = FALSE
	EndGlobalSection
	GlobalSection(ExtensibilityGlobals) = postSolution
		SolutionGuid = {DCA43C67-9A3D-406B-B2BD-A613D51F769B}
	EndGlobalSection
EndGlobal
